// !$*UTF8*$!
{
	archiveVersion = 1;
	classes = {
	};
	objectVersion = 46;
	objects = {

/* Begin PBXBuildFile section */
		272707B41E51D43F0034B495 /* AppDelegate.swift in Sources */ = {isa = PBXBuildFile; fileRef = 272707B31E51D43F0034B495 /* AppDelegate.swift */; };
		272707B61E51D43F0034B495 /* ViewController.swift in Sources */ = {isa = PBXBuildFile; fileRef = 272707B51E51D43F0034B495 /* ViewController.swift */; };
		272707B91E51D43F0034B495 /* Main.storyboard in Resources */ = {isa = PBXBuildFile; fileRef = 272707B71E51D43F0034B495 /* Main.storyboard */; };
		272707BB1E51D43F0034B495 /* Assets.xcassets in Resources */ = {isa = PBXBuildFile; fileRef = 272707BA1E51D43F0034B495 /* Assets.xcassets */; };
		272707BE1E51D43F0034B495 /* LaunchScreen.storyboard in Resources */ = {isa = PBXBuildFile; fileRef = 272707BC1E51D43F0034B495 /* LaunchScreen.storyboard */; };
/* End PBXBuildFile section */

/* Begin PBXFileReference section */
		272707B01E51D43F0034B495 /* EnvironmentControl.app */ = {isa = PBXFileReference; explicitFileType = wrapper.application; includeInIndex = 0; path = EnvironmentControl.app; sourceTree = BUILT_PRODUCTS_DIR; };
		272707B31E51D43F0034B495 /* AppDelegate.swift */ = {isa = PBXFileReference; lastKnownFileType = sourcecode.swift; path = AppDelegate.swift; sourceTree = "<group>"; };
		272707B51E51D43F0034B495 /* ViewController.swift */ = {isa = PBXFileReference; lastKnownFileType = sourcecode.swift; path = ViewController.swift; sourceTree = "<group>"; };
		272707B81E51D43F0034B495 /* Base */ = {isa = PBXFileReference; lastKnownFileType = file.storyboard; name = Base; path = Base.lproj/Main.storyboard; sourceTree = "<group>"; };
		272707BA1E51D43F0034B495 /* Assets.xcassets */ = {isa = PBXFileReference; lastKnownFileType = folder.assetcatalog; path = Assets.xcassets; sourceTree = "<group>"; };
		272707BD1E51D43F0034B495 /* Base */ = {isa = PBXFileReference; lastKnownFileType = file.storyboard; name = Base; path = Base.lproj/LaunchScreen.storyboard; sourceTree = "<group>"; };
		272707BF1E51D43F0034B495 /* Info.plist */ = {isa = PBXFileReference; lastKnownFileType = text.plist.xml; path = Info.plist; sourceTree = "<group>"; };
/* End PBXFileReference section */

/* Begin PBXFrameworksBuildPhase section */
		272707AD1E51D43F0034B495 /* Frameworks */ = {
			isa = PBXFrameworksBuildPhase;
			buildActionMask = 2147483647;
			files = (
			);
			runOnlyForDeploymentPostprocessing = 0;
		};
/* End PBXFrameworksBuildPhase section */

/* Begin PBXGroup section */
		272707A71E51D43F0034B495 = {
			isa = PBXGroup;
			children = (
				272707B21E51D43F0034B495 /* EnvironmentControl */,
				272707B11E51D43F0034B495 /* Products */,
			);
			sourceTree = "<group>";
		};
		272707B11E51D43F0034B495 /* Products */ = {
			isa = PBXGroup;
			children = (
				272707B01E51D43F0034B495 /* EnvironmentControl.app */,
			);
			name = Products;
			sourceTree = "<group>";
		};
		272707B21E51D43F0034B495 /* EnvironmentControl */ = {
			isa = PBXGroup;
			children = (
				272707B31E51D43F0034B495 /* AppDelegate.swift */,
				272707B51E51D43F0034B495 /* ViewController.swift */,
				272707B71E51D43F0034B495 /* Main.storyboard */,
				272707BA1E51D43F0034B495 /* Assets.xcassets */,
				272707BC1E51D43F0034B495 /* LaunchScreen.storyboard */,
				272707BF1E51D43F0034B495 /* Info.plist */,
			);
			path = EnvironmentControl;
			sourceTree = "<group>";
		};
/* End PBXGroup section */

/* Begin PBXNativeTarget section */
		272707AF1E51D43F0034B495 /* EnvironmentControl */ = {
			isa = PBXNativeTarget;
			buildConfigurationList = 272707C21E51D43F0034B495 /* Build configuration list for PBXNativeTarget "EnvironmentControl" */;
			buildPhases = (
				272707AC1E51D43F0034B495 /* Sources */,
				272707AD1E51D43F0034B495 /* Frameworks */,
				272707AE1E51D43F0034B495 /* Resources */,
			);
			buildRules = (
			);
			dependencies = (
			);
			name = EnvironmentControl;
			productName = EnvironmentControl;
			productReference = 272707B01E51D43F0034B495 /* EnvironmentControl.app */;
			productType = "com.apple.product-type.application";
		};
/* End PBXNativeTarget section */

/* Begin PBXProject section */
		272707A81E51D43F0034B495 /* Project object */ = {
			isa = PBXProject;
			attributes = {
				LastSwiftUpdateCheck = 0820;
				LastUpgradeCheck = 0820;
				TargetAttributes = {
					272707AF1E51D43F0034B495 = {
						CreatedOnToolsVersion = 8.2.1;
						ProvisioningStyle = Automatic;
					};
				};
			};
			buildConfigurationList = 272707AB1E51D43F0034B495 /* Build configuration list for PBXProject "EnvironmentControl" */;
			compatibilityVersion = "Xcode 3.2";
			developmentRegion = English;
			hasScannedForEncodings = 0;
			knownRegions = (
				en,
				Base,
			);
			mainGroup = 272707A71E51D43F0034B495;
			productRefGroup = 272707B11E51D43F0034B495 /* Products */;
			projectDirPath = "";
			projectRoot = "";
			targets = (
				272707AF1E51D43F0034B495 /* EnvironmentControl */,
			);
		};
/* End PBXProject section */

/* Begin PBXResourcesBuildPhase section */
		272707AE1E51D43F0034B495 /* Resources */ = {
			isa = PBXResourcesBuildPhase;
			buildActionMask = 2147483647;
			files = (
				272707BE1E51D43F0034B495 /* LaunchScreen.storyboard in Resources */,
				272707BB1E51D43F0034B495 /* Assets.xcassets in Resources */,
				272707B91E51D43F0034B495 /* Main.storyboard in Resources */,
			);
			runOnlyForDeploymentPostprocessing = 0;
		};
/* End PBXResourcesBuildPhase section */

/* Begin PBXSourcesBuildPhase section */
		272707AC1E51D43F0034B495 /* Sources */ = {
			isa = PBXSourcesBuildPhase;
			buildActionMask = 2147483647;
			files = (
				272707B61E51D43F0034B495 /* ViewController.swift in Sources */,
				272707B41E51D43F0034B495 /* AppDelegate.swift in Sources */,
			);
			runOnlyForDeploymentPostprocessing = 0;
		};
/* End PBXSourcesBuildPhase section */

/* Begin PBXVariantGroup section */
		272707B71E51D43F0034B495 /* Main.storyboard */ = {
			isa = PBXVariantGroup;
			children = (
				272707B81E51D43F0034B495 /* Base */,
			);
			name = Main.storyboard;
			sourceTree = "<group>";
		};
		272707BC1E51D43F0034B495 /* LaunchScreen.storyboard */ = {
			isa = PBXVariantGroup;
			children = (
				272707BD1E51D43F0034B495 /* Base */,
			);
			name = LaunchScreen.storyboard;
			sourceTree = "<group>";
		};
/* End PBXVariantGroup section */

/* Begin XCBuildConfiguration section */
		272707C01E51D43F0034B495 /* Debug */ = {
			isa = XCBuildConfiguration;
			buildSettings = {
				ALWAYS_SEARCH_USER_PATHS = NO;
				CLANG_ANALYZER_NONNULL = YES;
				CLANG_CXX_LANGUAGE_STANDARD = "gnu++0x";
				CLANG_CXX_LIBRARY = "libc++";
				CLANG_ENABLE_MODULES = YES;
				CLANG_ENABLE_OBJC_ARC = YES;
				CLANG_WARN_BOOL_CONVERSION = YES;
				CLANG_WARN_CONSTANT_CONVERSION = YES;
				CLANG_WARN_DIRECT_OBJC_ISA_USAGE = YES_ERROR;
				CLANG_WARN_DOCUMENTATION_COMMENTS = YES;
				CLANG_WARN_EMPTY_BODY = YES;
				CLANG_WARN_ENUM_CONVERSION = YES;
				CLANG_WARN_INFINITE_RECURSION = YES;
				CLANG_WARN_INT_CONVERSION = YES;
				CLANG_WARN_OBJC_ROOT_CLASS = YES_ERROR;
				CLANG_WARN_SUSPICIOUS_MOVE = YES;
				CLANG_WARN_UNREACHABLE_CODE = YES;
				CLANG_WARN__DUPLICATE_METHOD_MATCH = YES;
				"CODE_SIGN_IDENTITY[sdk=iphoneos*]" = "iPhone Developer";
				COPY_PHASE_STRIP = NO;
				DEBUG_INFORMATION_FORMAT = dwarf;
				ENABLE_STRICT_OBJC_MSGSEND = YES;
				ENABLE_TESTABILITY = YES;
				GCC_C_LANGUAGE_STANDARD = gnu99;
				GCC_DYNAMIC_NO_PIC = NO;
				GCC_NO_COMMON_BLOCKS = YES;
				GCC_OPTIMIZATION_LEVEL = 0;
				GCC_PREPROCESSOR_DEFINITIONS = (
					"DEBUG=1",
					"$(inherited)",
				);
				GCC_WARN_64_TO_32_BIT_CONVERSION = YES;
				GCC_WARN_ABOUT_RETURN_TYPE = YES_ERROR;
				GCC_WARN_UNDECLARED_SELECTOR = YES;
				GCC_WARN_UNINITIALIZED_AUTOS = YES_AGGRESSIVE;
				GCC_WARN_UNUSED_FUNCTION = YES;
				GCC_WARN_UNUSED_VARIABLE = YES;
				IPHONEOS_DEPLOYMENT_TARGET = 10.2;
				MTL_ENABLE_DEBUG_INFO = YES;
				ONLY_ACTIVE_ARCH = YES;
				SDKROOT = iphoneos;
				SWIFT_ACTIVE_COMPILATION_CONDITIONS = DEBUG;
				SWIFT_OPTIMIZATION_LEVEL = "-Onone";
				TARGETED_DEVICE_FAMILY = "1,2";
			};
			name = Debug;
		};
		272707C11E51D43F0034B495 /* Release */ = {
			isa = XCBuildConfiguration;
			buildSettings = {
				ALWAYS_SEARCH_USER_PATHS = NO;
				CLANG_ANALYZER_NONNULL = YES;
				CLANG_CXX_LANGUAGE_STANDARD = "gnu++0x";
				CLANG_CXX_LIBRARY = "libc++";
				CLANG_ENABLE_MODULES = YES;
				CLANG_ENABLE_OBJC_ARC = YES;
				CLANG_WARN_BOOL_CONVERSION = YES;
				CLANG_WARN_CONSTANT_CONVERSION = YES;
				CLANG_WARN_DIRECT_OBJC_ISA_USAGE = YES_ERROR;
				CLANG_WARN_DOCUMENTATION_COMMENTS = YES;
				CLANG_WARN_EMPTY_BODY = YES;
				CLANG_WARN_ENUM_CONVERSION = YES;
				CLANG_WARN_INFINITE_RECURSION = YES;
				CLANG_WARN_INT_CONVERSION = YES;
				CLANG_WARN_OBJC_ROOT_CLASS = YES_ERROR;
				CLANG_WARN_SUSPICIOUS_MOVE = YES;
				CLANG_WARN_UNREACHABLE_CODE = YES;
				CLANG_WARN__DUPLICATE_METHOD_MATCH = YES;
				"CODE_SIGN_IDENTITY[sdk=iphoneos*]" = "iPhone Developer";
				COPY_PHASE_STRIP = NO;
				DEBUG_INFORMATION_FORMAT = "dwarf-with-dsym";
				ENABLE_NS_ASSERTIONS = NO;
				ENABLE_STRICT_OBJC_MSGSEND = YES;
				GCC_C_LANGUAGE_STANDARD = gnu99;
				GCC_NO_COMMON_BLOCKS = YES;
				GCC_WARN_64_TO_32_BIT_CONVERSION = YES;
				GCC_WARN_ABOUT_RETURN_TYPE = YES_ERROR;
				GCC_WARN_UNDECLARED_SELECTOR = YES;
				GCC_WARN_UNINITIALIZED_AUTOS = YES_AGGRESSIVE;
				GCC_WARN_UNUSED_FUNCTION = YES;
				GCC_WARN_UNUSED_VARIABLE = YES;
				IPHONEOS_DEPLOYMENT_TARGET = 10.2;
				MTL_ENABLE_DEBUG_INFO = NO;
				SDKROOT = iphoneos;
				SWIFT_OPTIMIZATION_LEVEL = "-Owholemodule";
				TARGETED_DEVICE_FAMILY = "1,2";
				VALIDATE_PRODUCT = YES;
			};
			name = Release;
		};
		272707C31E51D43F0034B495 /* Debug */ = {
			isa = XCBuildConfiguration;
			buildSettings = {
				ASSETCATALOG_COMPILER_APPICON_NAME = AppIcon;
				INFOPLIST_FILE = EnvironmentControl/Info.plist;
				LD_RUNPATH_SEARCH_PATHS = "$(inherited) @executable_path/Frameworks";
				PRODUCT_BUNDLE_IDENTIFIER = com.release.EnvironmentControl;
				PRODUCT_NAME = "$(TARGET_NAME)";
				SWIFT_VERSION = 3.0;
			};
			name = Debug;
		};
		272707C41E51D43F0034B495 /* Release */ = {
			isa = XCBuildConfiguration;
			buildSettings = {
				ASSETCATALOG_COMPILER_APPICON_NAME = AppIcon;
				INFOPLIST_FILE = EnvironmentControl/Info.plist;
				LD_RUNPATH_SEARCH_PATHS = "$(inherited) @executable_path/Frameworks";
				PRODUCT_BUNDLE_IDENTIFIER = com.release.EnvironmentControl;
				PRODUCT_NAME = "$(TARGET_NAME)";
				SWIFT_VERSION = 3.0;
			};
			name = Release;
		};
/* End XCBuildConfiguration section */

/* Begin XCConfigurationList section */
		272707AB1E51D43F0034B495 /* Build configuration list for PBXProject "EnvironmentControl" */ = {
			isa = XCConfigurationList;
			buildConfigurations = (
				272707C01E51D43F0034B495 /* Debug */,
				272707C11E51D43F0034B495 /* Release */,
			);
			defaultConfigurationIsVisible = 0;
			defaultConfigurationName = Release;
		};
		272707C21E51D43F0034B495 /* Build configuration list for PBXNativeTarget "EnvironmentControl" */ = {
			isa = XCConfigurationList;
			buildConfigurations = (
				272707C31E51D43F0034B495 /* Debug */,
				272707C41E51D43F0034B495 /* Release */,
			);
			defaultConfigurationIsVisible = 0;
		};
/* End XCConfigurationList section */
	};
	rootObject = 272707A81E51D43F0034B495 /* Project object */;
}
