// !$*UTF8*$!
{
	archiveVersion = 1;
	classes = {
	};
	objectVersion = 46;
	objects = {

/* Begin PBXBuildFile section */
		272707D11E51D4A80034B495 /* Assets.xcassets in Resources */ = {isa = PBXBuildFile; fileRef = 272707C91E51D4A80034B495 /* Assets.xcassets */; };
		2753EAD91E51D5B400FCE977 /* AppDelegate.swift in Sources */ = {isa = PBXBuildFile; fileRef = 272707C81E51D4A80034B495 /* AppDelegate.swift */; };
		2753EADA1E51D5B700FCE977 /* ViewController.swift in Sources */ = {isa = PBXBuildFile; fileRef = 272707C61E51D4A80034B495 /* ViewController.swift */; };
		2753EADD1E51D64800FCE977 /* EnvironmentControl.swift in Sources */ = {isa = PBXBuildFile; fileRef = 2753EADC1E51D64800FCE977 /* EnvironmentControl.swift */; };
		2753EAE21E51D67B00FCE977 /* ViewController.swift in Sources */ = {isa = PBXBuildFile; fileRef = 272707C61E51D4A80034B495 /* ViewController.swift */; };
		2753EAE31E51D67B00FCE977 /* EnvironmentControl.swift in Sources */ = {isa = PBXBuildFile; fileRef = 2753EADC1E51D64800FCE977 /* EnvironmentControl.swift */; };
		2753EAE41E51D67B00FCE977 /* AppDelegate.swift in Sources */ = {isa = PBXBuildFile; fileRef = 272707C81E51D4A80034B495 /* AppDelegate.swift */; };
		2753EAE71E51D67B00FCE977 /* Assets.xcassets in Resources */ = {isa = PBXBuildFile; fileRef = 272707C91E51D4A80034B495 /* Assets.xcassets */; };
		2753EAEF1E51D68C00FCE977 /* Settings.bundle in Resources */ = {isa = PBXBuildFile; fileRef = 2753EADE1E51D65700FCE977 /* Settings.bundle */; };
		2753EAF51E51D78500FCE977 /* LaunchScreen.storyboard in Resources */ = {isa = PBXBuildFile; fileRef = 2753EAF31E51D78500FCE977 /* LaunchScreen.storyboard */; };
		2753EAF61E51D78500FCE977 /* LaunchScreen.storyboard in Resources */ = {isa = PBXBuildFile; fileRef = 2753EAF31E51D78500FCE977 /* LaunchScreen.storyboard */; };
		2753EAF71E51D78500FCE977 /* Main.storyboard in Resources */ = {isa = PBXBuildFile; fileRef = 2753EAF41E51D78500FCE977 /* Main.storyboard */; };
		2753EAF81E51D78500FCE977 /* Main.storyboard in Resources */ = {isa = PBXBuildFile; fileRef = 2753EAF41E51D78500FCE977 /* Main.storyboard */; };
/* End PBXBuildFile section */

/* Begin PBXFileReference section */
		272707B01E51D43F0034B495 /* EnvironmentControl.app */ = {isa = PBXFileReference; explicitFileType = wrapper.application; includeInIndex = 0; path = EnvironmentControl.app; sourceTree = BUILT_PRODUCTS_DIR; };
		272707C61E51D4A80034B495 /* ViewController.swift */ = {isa = PBXFileReference; fileEncoding = 4; lastKnownFileType = sourcecode.swift; name = ViewController.swift; path = EnvironmentControl/Controllers/ViewController.swift; sourceTree = SOURCE_ROOT; };
		272707C81E51D4A80034B495 /* AppDelegate.swift */ = {isa = PBXFileReference; fileEncoding = 4; lastKnownFileType = sourcecode.swift; name = AppDelegate.swift; path = EnvironmentControl/Support/AppDelegate.swift; sourceTree = SOURCE_ROOT; };
		272707C91E51D4A80034B495 /* Assets.xcassets */ = {isa = PBXFileReference; lastKnownFileType = folder.assetcatalog; path = Assets.xcassets; sourceTree = "<group>"; };
		272707CE1E51D4A80034B495 /* Release-Info.plist */ = {isa = PBXFileReference; fileEncoding = 4; lastKnownFileType = text.plist.xml; path = "Release-Info.plist"; sourceTree = "<group>"; };
		2753EADC1E51D64800FCE977 /* EnvironmentControl.swift */ = {isa = PBXFileReference; fileEncoding = 4; lastKnownFileType = sourcecode.swift; path = EnvironmentControl.swift; sourceTree = "<group>"; };
		2753EADE1E51D65700FCE977 /* Settings.bundle */ = {isa = PBXFileReference; lastKnownFileType = "wrapper.plug-in"; path = Settings.bundle; sourceTree = "<group>"; };
		2753EAED1E51D67B00FCE977 /* EnvironmentControl-ci.app */ = {isa = PBXFileReference; explicitFileType = wrapper.application; includeInIndex = 0; path = "EnvironmentControl-ci.app"; sourceTree = BUILT_PRODUCTS_DIR; };
		2753EAF01E51D70400FCE977 /* Debug-info.plist */ = {isa = PBXFileReference; lastKnownFileType = text.plist.xml; path = "Debug-info.plist"; sourceTree = "<group>"; };
		2753EAF31E51D78500FCE977 /* LaunchScreen.storyboard */ = {isa = PBXFileReference; fileEncoding = 4; lastKnownFileType = file.storyboard; path = LaunchScreen.storyboard; sourceTree = "<group>"; };
		2753EAF41E51D78500FCE977 /* Main.storyboard */ = {isa = PBXFileReference; fileEncoding = 4; lastKnownFileType = file.storyboard; path = Main.storyboard; sourceTree = "<group>"; };
/* End PBXFileReference section */

/* Begin PBXFrameworksBuildPhase section */
		272707AD1E51D43F0034B495 /* Frameworks */ = {
			isa = PBXFrameworksBuildPhase;
			buildActionMask = 2147483647;
			files = (
			);
			runOnlyForDeploymentPostprocessing = 0;
		};
		2753EAE51E51D67B00FCE977 /* Frameworks */ = {
			isa = PBXFrameworksBuildPhase;
			buildActionMask = 2147483647;
			files = (
			);
			runOnlyForDeploymentPostprocessing = 0;
		};
/* End PBXFrameworksBuildPhase section */

/* Begin PBXGroup section */
		272707A71E51D43F0034B495 = {
			isa = PBXGroup;
			children = (
				272707B21E51D43F0034B495 /* EnvironmentControl */,
				272707B11E51D43F0034B495 /* Products */,
			);
			sourceTree = "<group>";
		};
		272707B11E51D43F0034B495 /* Products */ = {
			isa = PBXGroup;
			children = (
				272707B01E51D43F0034B495 /* EnvironmentControl.app */,
				2753EAED1E51D67B00FCE977 /* EnvironmentControl-ci.app */,
			);
			name = Products;
			sourceTree = "<group>";
		};
		272707B21E51D43F0034B495 /* EnvironmentControl */ = {
			isa = PBXGroup;
			children = (
				2753EADB1E51D64800FCE977 /* EnvironmentControl */,
				272707C51E51D4A80034B495 /* Controllers */,
				272707C71E51D4A80034B495 /* Support */,
			);
			path = EnvironmentControl;
			sourceTree = "<group>";
		};
		272707C51E51D4A80034B495 /* Controllers */ = {
			isa = PBXGroup;
			children = (
				2753EAF31E51D78500FCE977 /* LaunchScreen.storyboard */,
				2753EAF41E51D78500FCE977 /* Main.storyboard */,
				272707C61E51D4A80034B495 /* ViewController.swift */,
			);
			path = Controllers;
			sourceTree = "<group>";
		};
		272707C71E51D4A80034B495 /* Support */ = {
			isa = PBXGroup;
			children = (
				272707C81E51D4A80034B495 /* AppDelegate.swift */,
				272707C91E51D4A80034B495 /* Assets.xcassets */,
				2753EAF01E51D70400FCE977 /* Debug-info.plist */,
				272707CE1E51D4A80034B495 /* Release-Info.plist */,
				2753EADE1E51D65700FCE977 /* Settings.bundle */,
			);
			path = Support;
			sourceTree = "<group>";
		};
		2753EADB1E51D64800FCE977 /* EnvironmentControl */ = {
			isa = PBXGroup;
			children = (
				2753EADC1E51D64800FCE977 /* EnvironmentControl.swift */,
			);
			path = EnvironmentControl;
			sourceTree = "<group>";
		};
/* End PBXGroup section */

/* Begin PBXNativeTarget section */
		272707AF1E51D43F0034B495 /* EnvironmentControl */ = {
			isa = PBXNativeTarget;
			buildConfigurationList = 272707C21E51D43F0034B495 /* Build configuration list for PBXNativeTarget "EnvironmentControl" */;
			buildPhases = (
				272707AC1E51D43F0034B495 /* Sources */,
				272707AD1E51D43F0034B495 /* Frameworks */,
				272707AE1E51D43F0034B495 /* Resources */,
			);
			buildRules = (
			);
			dependencies = (
			);
			name = EnvironmentControl;
			productName = EnvironmentControl;
			productReference = 272707B01E51D43F0034B495 /* EnvironmentControl.app */;
			productType = "com.apple.product-type.application";
		};
		2753EAE01E51D67B00FCE977 /* EnvironmentControl-ci */ = {
			isa = PBXNativeTarget;
			buildConfigurationList = 2753EAEA1E51D67B00FCE977 /* Build configuration list for PBXNativeTarget "EnvironmentControl-ci" */;
			buildPhases = (
				2753EAE11E51D67B00FCE977 /* Sources */,
				2753EAE51E51D67B00FCE977 /* Frameworks */,
				2753EAE61E51D67B00FCE977 /* Resources */,
			);
			buildRules = (
			);
			dependencies = (
			);
			name = "EnvironmentControl-ci";
			productName = EnvironmentControl;
			productReference = 2753EAED1E51D67B00FCE977 /* EnvironmentControl-ci.app */;
			productType = "com.apple.product-type.application";
		};
/* End PBXNativeTarget section */

/* Begin PBXProject section */
		272707A81E51D43F0034B495 /* Project object */ = {
			isa = PBXProject;
			attributes = {
				LastSwiftUpdateCheck = 0820;
				LastUpgradeCheck = 0820;
				TargetAttributes = {
					272707AF1E51D43F0034B495 = {
						CreatedOnToolsVersion = 8.2.1;
						ProvisioningStyle = Manual;
					};
				};
			};
			buildConfigurationList = 272707AB1E51D43F0034B495 /* Build configuration list for PBXProject "EnvironmentControl" */;
			compatibilityVersion = "Xcode 3.2";
			developmentRegion = English;
			hasScannedForEncodings = 0;
			knownRegions = (
				en,
				Base,
			);
			mainGroup = 272707A71E51D43F0034B495;
			productRefGroup = 272707B11E51D43F0034B495 /* Products */;
			projectDirPath = "";
			projectRoot = "";
			targets = (
				272707AF1E51D43F0034B495 /* EnvironmentControl */,
				2753EAE01E51D67B00FCE977 /* EnvironmentControl-ci */,
			);
		};
/* End PBXProject section */

/* Begin PBXResourcesBuildPhase section */
		272707AE1E51D43F0034B495 /* Resources */ = {
			isa = PBXResourcesBuildPhase;
			buildActionMask = 2147483647;
			files = (
				2753EAF71E51D78500FCE977 /* Main.storyboard in Resources */,
				272707D11E51D4A80034B495 /* Assets.xcassets in Resources */,
				2753EAF51E51D78500FCE977 /* LaunchScreen.storyboard in Resources */,
			);
			runOnlyForDeploymentPostprocessing = 0;
		};
		2753EAE61E51D67B00FCE977 /* Resources */ = {
			isa = PBXResourcesBuildPhase;
			buildActionMask = 2147483647;
			files = (
				2753EAF61E51D78500FCE977 /* LaunchScreen.storyboard in Resources */,
				2753EAEF1E51D68C00FCE977 /* Settings.bundle in Resources */,
				2753EAE71E51D67B00FCE977 /* Assets.xcassets in Resources */,
				2753EAF81E51D78500FCE977 /* Main.storyboard in Resources */,
			);
			runOnlyForDeploymentPostprocessing = 0;
		};
/* End PBXResourcesBuildPhase section */

/* Begin PBXSourcesBuildPhase section */
		272707AC1E51D43F0034B495 /* Sources */ = {
			isa = PBXSourcesBuildPhase;
			buildActionMask = 2147483647;
			files = (
				2753EADA1E51D5B700FCE977 /* ViewController.swift in Sources */,
				2753EADD1E51D64800FCE977 /* EnvironmentControl.swift in Sources */,
				2753EAD91E51D5B400FCE977 /* AppDelegate.swift in Sources */,
			);
			runOnlyForDeploymentPostprocessing = 0;
		};
		2753EAE11E51D67B00FCE977 /* Sources */ = {
			isa = PBXSourcesBuildPhase;
			buildActionMask = 2147483647;
			files = (
				2753EAE21E51D67B00FCE977 /* ViewController.swift in Sources */,
				2753EAE31E51D67B00FCE977 /* EnvironmentControl.swift in Sources */,
				2753EAE41E51D67B00FCE977 /* AppDelegate.swift in Sources */,
			);
			runOnlyForDeploymentPostprocessing = 0;
		};
/* End PBXSourcesBuildPhase section */

/* Begin XCBuildConfiguration section */
		272707C01E51D43F0034B495 /* Debug */ = {
			isa = XCBuildConfiguration;
			buildSettings = {
				ALWAYS_SEARCH_USER_PATHS = NO;
				CLANG_ANALYZER_NONNULL = YES;
				CLANG_CXX_LANGUAGE_STANDARD = "gnu++0x";
				CLANG_CXX_LIBRARY = "libc++";
				CLANG_ENABLE_MODULES = YES;
				CLANG_ENABLE_OBJC_ARC = YES;
				CLANG_WARN_BOOL_CONVERSION = YES;
				CLANG_WARN_CONSTANT_CONVERSION = YES;
				CLANG_WARN_DIRECT_OBJC_ISA_USAGE = YES_ERROR;
				CLANG_WARN_DOCUMENTATION_COMMENTS = YES;
				CLANG_WARN_EMPTY_BODY = YES;
				CLANG_WARN_ENUM_CONVERSION = YES;
				CLANG_WARN_INFINITE_RECURSION = YES;
				CLANG_WARN_INT_CONVERSION = YES;
				CLANG_WARN_OBJC_ROOT_CLASS = YES_ERROR;
				CLANG_WARN_SUSPICIOUS_MOVE = YES;
				CLANG_WARN_UNREACHABLE_CODE = YES;
				CLANG_WARN__DUPLICATE_METHOD_MATCH = YES;
				"CODE_SIGN_IDENTITY[sdk=iphoneos*]" = "iPhone Developer";
				COPY_PHASE_STRIP = NO;
				DEBUG_INFORMATION_FORMAT = dwarf;
				ENABLE_STRICT_OBJC_MSGSEND = YES;
				ENABLE_TESTABILITY = YES;
				GCC_C_LANGUAGE_STANDARD = gnu99;
				GCC_DYNAMIC_NO_PIC = NO;
				GCC_NO_COMMON_BLOCKS = YES;
				GCC_OPTIMIZATION_LEVEL = 0;
				GCC_PREPROCESSOR_DEFINITIONS = (
					"DEBUG=1",
					"$(inherited)",
				);
				GCC_WARN_64_TO_32_BIT_CONVERSION = YES;
				GCC_WARN_ABOUT_RETURN_TYPE = YES_ERROR;
				GCC_WARN_UNDECLARED_SELECTOR = YES;
				GCC_WARN_UNINITIALIZED_AUTOS = YES_AGGRESSIVE;
				GCC_WARN_UNUSED_FUNCTION = YES;
				GCC_WARN_UNUSED_VARIABLE = YES;
				IPHONEOS_DEPLOYMENT_TARGET = 8.0;
				MTL_ENABLE_DEBUG_INFO = YES;
				ONLY_ACTIVE_ARCH = YES;
				SDKROOT = iphoneos;
				SWIFT_ACTIVE_COMPILATION_CONDITIONS = DEBUG;
				SWIFT_OPTIMIZATION_LEVEL = "-Onone";
				TARGETED_DEVICE_FAMILY = "1,2";
			};
			name = Debug;
		};
		272707C11E51D43F0034B495 /* Release */ = {
			isa = XCBuildConfiguration;
			buildSettings = {
				ALWAYS_SEARCH_USER_PATHS = NO;
				CLANG_ANALYZER_NONNULL = YES;
				CLANG_CXX_LANGUAGE_STANDARD = "gnu++0x";
				CLANG_CXX_LIBRARY = "libc++";
				CLANG_ENABLE_MODULES = YES;
				CLANG_ENABLE_OBJC_ARC = YES;
				CLANG_WARN_BOOL_CONVERSION = YES;
				CLANG_WARN_CONSTANT_CONVERSION = YES;
				CLANG_WARN_DIRECT_OBJC_ISA_USAGE = YES_ERROR;
				CLANG_WARN_DOCUMENTATION_COMMENTS = YES;
				CLANG_WARN_EMPTY_BODY = YES;
				CLANG_WARN_ENUM_CONVERSION = YES;
				CLANG_WARN_INFINITE_RECURSION = YES;
				CLANG_WARN_INT_CONVERSION = YES;
				CLANG_WARN_OBJC_ROOT_CLASS = YES_ERROR;
				CLANG_WARN_SUSPICIOUS_MOVE = YES;
				CLANG_WARN_UNREACHABLE_CODE = YES;
				CLANG_WARN__DUPLICATE_METHOD_MATCH = YES;
				"CODE_SIGN_IDENTITY[sdk=iphoneos*]" = "iPhone Developer";
				COPY_PHASE_STRIP = NO;
				DEBUG_INFORMATION_FORMAT = "dwarf-with-dsym";
				ENABLE_NS_ASSERTIONS = NO;
				ENABLE_STRICT_OBJC_MSGSEND = YES;
				GCC_C_LANGUAGE_STANDARD = gnu99;
				GCC_NO_COMMON_BLOCKS = YES;
				GCC_WARN_64_TO_32_BIT_CONVERSION = YES;
				GCC_WARN_ABOUT_RETURN_TYPE = YES_ERROR;
				GCC_WARN_UNDECLARED_SELECTOR = YES;
				GCC_WARN_UNINITIALIZED_AUTOS = YES_AGGRESSIVE;
				GCC_WARN_UNUSED_FUNCTION = YES;
				GCC_WARN_UNUSED_VARIABLE = YES;
				IPHONEOS_DEPLOYMENT_TARGET = 8.0;
				MTL_ENABLE_DEBUG_INFO = NO;
				SDKROOT = iphoneos;
				SWIFT_OPTIMIZATION_LEVEL = "-Owholemodule";
				TARGETED_DEVICE_FAMILY = "1,2";
				VALIDATE_PRODUCT = YES;
			};
			name = Release;
		};
		272707C31E51D43F0034B495 /* Debug */ = {
			isa = XCBuildConfiguration;
			buildSettings = {
				ASSETCATALOG_COMPILER_APPICON_NAME = AppIcon;
				CODE_SIGN_IDENTITY = "iPhone Developer";
				"CODE_SIGN_IDENTITY[sdk=iphoneos*]" = "";
				DEVELOPMENT_TEAM = "";
				INFOPLIST_FILE = "$(SRCROOT)/EnvironmentControl/Support/Release-Info.plist";
				LD_RUNPATH_SEARCH_PATHS = "$(inherited) @executable_path/Frameworks";
				PRODUCT_BUNDLE_IDENTIFIER = com.release.EnvironmentControl;
				PRODUCT_NAME = "$(TARGET_NAME)";
				SWIFT_VERSION = 3.0;
			};
			name = Debug;
		};
		272707C41E51D43F0034B495 /* Release */ = {
			isa = XCBuildConfiguration;
			buildSettings = {
				ASSETCATALOG_COMPILER_APPICON_NAME = AppIcon;
				CODE_SIGN_IDENTITY = "iPhone Developer";
				"CODE_SIGN_IDENTITY[sdk=iphoneos*]" = "";
				DEVELOPMENT_TEAM = "";
				INFOPLIST_FILE = "$(SRCROOT)/EnvironmentControl/Support/Release-Info.plist";
				LD_RUNPATH_SEARCH_PATHS = "$(inherited) @executable_path/Frameworks";
				PRODUCT_BUNDLE_IDENTIFIER = com.release.EnvironmentControl;
				PRODUCT_NAME = "$(TARGET_NAME)";
				SWIFT_VERSION = 3.0;
			};
			name = Release;
		};
		2753EAEB1E51D67B00FCE977 /* Debug */ = {
			isa = XCBuildConfiguration;
			buildSettings = {
				ASSETCATALOG_COMPILER_APPICON_NAME = AppIcon;
				CODE_SIGN_IDENTITY = "iPhone Developer";
				"CODE_SIGN_IDENTITY[sdk=iphoneos*]" = "";
				DEVELOPMENT_TEAM = "";
				INFOPLIST_FILE = "$(SRCROOT)/EnvironmentControl/Support/Debug-info.plist";
				LD_RUNPATH_SEARCH_PATHS = "$(inherited) @executable_path/Frameworks";
				PRODUCT_BUNDLE_IDENTIFIER = com.debug.EnvironmentControl;
				PRODUCT_NAME = "$(TARGET_NAME)";
				SWIFT_VERSION = 3.0;
			};
			name = Debug;
		};
		2753EAEC1E51D67B00FCE977 /* Release */ = {
			isa = XCBuildConfiguration;
			buildSettings = {
				ASSETCATALOG_COMPILER_APPICON_NAME = AppIcon;
				CODE_SIGN_IDENTITY = "iPhone Developer";
				"CODE_SIGN_IDENTITY[sdk=iphoneos*]" = "";
				DEVELOPMENT_TEAM = "";
				INFOPLIST_FILE = "$(SRCROOT)/EnvironmentControl/Support/Debug-info.plist";
				LD_RUNPATH_SEARCH_PATHS = "$(inherited) @executable_path/Frameworks";
				PRODUCT_BUNDLE_IDENTIFIER = com.debug.EnvironmentControl;
				PRODUCT_NAME = "$(TARGET_NAME)";
				SWIFT_VERSION = 3.0;
			};
			name = Release;
		};
/* End XCBuildConfiguration section */

/* Begin XCConfigurationList section */
		272707AB1E51D43F0034B495 /* Build configuration list for PBXProject "EnvironmentControl" */ = {
			isa = XCConfigurationList;
			buildConfigurations = (
				272707C01E51D43F0034B495 /* Debug */,
				272707C11E51D43F0034B495 /* Release */,
			);
			defaultConfigurationIsVisible = 0;
			defaultConfigurationName = Release;
		};
		272707C21E51D43F0034B495 /* Build configuration list for PBXNativeTarget "EnvironmentControl" */ = {
			isa = XCConfigurationList;
			buildConfigurations = (
				272707C31E51D43F0034B495 /* Debug */,
				272707C41E51D43F0034B495 /* Release */,
			);
			defaultConfigurationIsVisible = 0;
			defaultConfigurationName = Release;
		};
		2753EAEA1E51D67B00FCE977 /* Build configuration list for PBXNativeTarget "EnvironmentControl-ci" */ = {
			isa = XCConfigurationList;
			buildConfigurations = (
				2753EAEB1E51D67B00FCE977 /* Debug */,
				2753EAEC1E51D67B00FCE977 /* Release */,
			);
			defaultConfigurationIsVisible = 0;
			defaultConfigurationName = Release;
		};
/* End XCConfigurationList section */
	};
	rootObject = 272707A81E51D43F0034B495 /* Project object */;
}
